{
 "graph_lock": {
  "nodes": {
   "0": {
    "options": "brotli:enable_debug=False\nbrotli:enable_log=False\nbrotli:enable_portable=False\nbrotli:enable_rbit=True\nbrotli:endianness=None\nbrotli:fPIC=True\nbrotli:shared=False\nbrotli:target_bits=None\nbzip2:build_executable=True\nbzip2:fPIC=True\nbzip2:shared=False\nflac:fPIC=True\nflac:shared=False\nfreetype:fPIC=True\nfreetype:shared=False\nfreetype:subpixel=False\nfreetype:with_brotli=True\nfreetype:with_bzip2=True\nfreetype:with_png=True\nfreetype:with_zlib=True\nlibpng:api_prefix=\nlibpng:fPIC=True\nlibpng:neon=True\nlibpng:shared=False\nogg:fPIC=True\nogg:shared=False\nopenal:fPIC=True\nopenal:shared=False\nsfml:audio=True\nsfml:graphics=True\nsfml:network=True\nsfml:shared=True\nsfml:window=True\nstb:with_deprecated=True\nvorbis:fPIC=True\nvorbis:shared=False\nzlib:fPIC=True\nzlib:shared=False",
    "requires": [
     "1"
    ],
    "path": "conanfile.txt",
    "context": "host"
   },
   "1": {
    "ref": "sfml/2.5.1",
    "options": "audio=True\ngraphics=True\nnetwork=True\nshared=True\nwindow=True\nbrotli:enable_debug=False\nbrotli:enable_log=False\nbrotli:enable_portable=False\nbrotli:enable_rbit=True\nbrotli:endianness=None\nbrotli:fPIC=True\nbrotli:shared=False\nbrotli:target_bits=None\nbzip2:build_executable=True\nbzip2:fPIC=True\nbzip2:shared=False\nflac:fPIC=True\nflac:shared=False\nfreetype:fPIC=True\nfreetype:shared=False\nfreetype:subpixel=False\nfreetype:with_brotli=True\nfreetype:with_bzip2=True\nfreetype:with_png=True\nfreetype:with_zlib=True\nlibpng:api_prefix=\nlibpng:fPIC=True\nlibpng:neon=True\nlibpng:shared=False\nogg:fPIC=True\nogg:shared=False\nopenal:fPIC=True\nopenal:shared=False\nstb:with_deprecated=True\nvorbis:fPIC=True\nvorbis:shared=False\nzlib:fPIC=True\nzlib:shared=False",
    "package_id": "ceb8319bc705c3860be331b24af997533196202a",
    "prev": "0",
    "requires": [
     "2",
     "3",
     "8",
     "9",
     "11",
     "12"
    ],
    "context": "host"
   },
   "2": {
    "ref": "opengl/system",
    "options": "",
    "package_id": "5ab84d6acfe1f23c4fae0ab88f26e3a396351ac9",
    "prev": "0",
    "context": "host"
   },
   "3": {
    "ref": "freetype/2.12.1",
    "options": "fPIC=True\nshared=False\nsubpixel=False\nwith_brotli=True\nwith_bzip2=True\nwith_png=True\nwith_zlib=True\nbrotli:enable_debug=False\nbrotli:enable_log=False\nbrotli:enable_portable=False\nbrotli:enable_rbit=True\nbrotli:endianness=None\nbrotli:fPIC=True\nbrotli:shared=False\nbrotli:target_bits=None\nbzip2:build_executable=True\nbzip2:fPIC=True\nbzip2:shared=False\nlibpng:api_prefix=\nlibpng:fPIC=True\nlibpng:neon=True\nlibpng:shared=False\nzlib:fPIC=True\nzlib:shared=False",
    "package_id": "2f0e3a767a761b52dc9f5ce3bb270853ccf4069a",
    "prev": "0",
    "requires": [
     "4",
     "5",
     "6",
     "7"
    ],
    "context": "host"
   },
   "4": {
    "ref": "libpng/1.6.38",
    "options": "api_prefix=\nfPIC=True\nneon=True\nshared=False\nzlib:fPIC=True\nzlib:shared=False",
    "package_id": "5ae3ebd2df3a8d7a63c47a3649c170c917d8d40b",
    "prev": "0",
    "requires": [
     "5"
    ],
    "context": "host"
   },
   "5": {
    "ref": "zlib/1.2.13",
    "options": "fPIC=True\nshared=False",
    "package_id": "240c2182163325b213ca6886a7614c8ed2bf1738",
    "prev": "0",
    "context": "host"
   },
   "6": {
    "ref": "bzip2/1.0.8",
    "options": "build_executable=True\nfPIC=True\nshared=False",
    "package_id": "238a93dc813ca1550968399f1f8925565feeff8e",
    "prev": "0",
    "context": "host"
   },
   "7": {
    "ref": "brotli/1.0.9",
    "options": "enable_debug=False\nenable_log=False\nenable_portable=False\nenable_rbit=True\nendianness=None\nfPIC=True\nshared=False\ntarget_bits=None",
    "package_id": "e8a6a3e00ba2cc4ba15ec3e2c1daa08e432c175f",
    "prev": "0",
    "context": "host"
   },
   "8": {
    "ref": "stb/cci.20210910",
    "options": "with_deprecated=True",
    "package_id": "5ab84d6acfe1f23c4fae0ab88f26e3a396351ac9",
    "prev": "0",
    "context": "host"
   },
   "9": {
    "ref": "flac/1.3.3",
    "options": "fPIC=True\nshared=False\nogg:fPIC=True\nogg:shared=False",
    "package_id": "b5131a4c443dc4c7a98cab5b2c18c3f6d41dbcb2",
    "prev": "0",
    "requires": [
     "10"
    ],
    "context": "host"
   },
   "10": {
    "ref": "ogg/1.3.5",
    "options": "fPIC=True\nshared=False",
    "package_id": "240c2182163325b213ca6886a7614c8ed2bf1738",
    "prev": "0",
    "context": "host"
   },
   "11": {
    "ref": "openal/1.22.2",
    "options": "fPIC=True\nshared=False",
    "package_id": "2f2de4e3345f667bb03ed16a03f45c72c978d397",
    "prev": "0",
    "context": "host"
   },
   "12": {
    "ref": "vorbis/1.3.7",
    "options": "fPIC=True\nshared=False\nogg:fPIC=True\nogg:shared=False",
    "package_id": "4e0bbced85776260c7dd456341bd7688c7c14426",
    "prev": "0",
    "requires": [
     "10"
    ],
    "context": "host"
   }
  },
  "revisions_enabled": false
 },
 "version": "0.4",
 "profile_host": "[settings]\narch=armv8\narch_build=armv8\nbuild_type=Release\ncompiler=apple-clang\ncompiler.libcxx=libc++\ncompiler.version=14\nos=Macos\nos_build=Macos\n[options]\n[build_requires]\n[env]\n"
}